
Microsoft Visual Studio Solution File, Format Version 12.00
# Visual Studio 15
VisualStudioVersion = 15.0.26403.7
MinimumVisualStudioVersion = 10.0.40219.1
Project("{FAE04EC0-301F-11D3-BF4B-00C04F79EFBC}") = "FirstActualMVC", "FirstActualMVC\FirstActualMVC.csproj", "{56682C9F-4091-4BAE-B394-4507468F8192}"
EndProject
Project("{FAE04EC0-301F-11D3-BF4B-00C04F79EFBC}") = "UnitTestProject1", "UnitTestProject1\UnitTestProject1.csproj", "{16506695-3E6E-46C4-9DFD-B84501F82FDE}"
EndProject
Global
	GlobalSection(SolutionConfigurationPlatforms) = preSolution
		Debug|Any CPU = Debug|Any CPU
		Release|Any CPU = Release|Any CPU
	EndGlobalSection
	GlobalSection(ProjectConfigurationPlatforms) = postSolution
		{56682C9F-4091-4BAE-B394-4507468F8192}.Debug|Any CPU.ActiveCfg = Debug|Any CPU
		{56682C9F-4091-4BAE-B394-4507468F8192}.Debug|Any CPU.Build.0 = Debug|Any CPU
		{56682C9F-4091-4BAE-B394-4507468F8192}.Release|Any CPU.ActiveCfg = Release|Any CPU
		{56682C9F-4091-4BAE-B394-4507468F8192}.Release|Any CPU.Build.0 = Release|Any CPU
		{16506695-3E6E-46C4-9DFD-B84501F82FDE}.Debug|Any CPU.ActiveCfg = Debug|Any CPU
		{16506695-3E6E-46C4-9DFD-B84501F82FDE}.Debug|Any CPU.Build.0 = Debug|Any CPU
		{16506695-3E6E-46C4-9DFD-B84501F82FDE}.Release|Any CPU.ActiveCfg = Release|Any CPU
		{16506695-3E6E-46C4-9DFD-B84501F82FDE}.Release|Any CPU.Build.0 = Release|Any CPU
	EndGlobalSection
	GlobalSection(SolutionProperties) = preSolution
		HideSolutionNode = FALSE
	EndGlobalSection
EndGlobal
